
Microsoft Visual Studio Solution File, Format Version 12.00
# Visual Studio Version 16
VisualStudioVersion = 16.0.29613.14
MinimumVisualStudioVersion = 10.0.40219.1
Project("{9A19103F-16F7-4668-BE54-9A1E7A4F7556}") = "Trojan.Tray.Wpf", "Trojan.Tran.Wpf\Trojan.Tray.Wpf.csproj", "{79762FD5-C563-4475-B630-37B631A56A8F}"
EndProject
Project("{FAE04EC0-301F-11D3-BF4B-00C04F79EFBC}") = "Trojan.Tray.WinCore", "Trojan.Tray.WinCore\Trojan.Tray.WinCore.csproj", "{330B98F7-D142-4229-976D-929FD57F425C}"
EndProject
Project("{2150E333-8FDC-42A3-9474-1A3956D46DE8}") = "docs", "docs", "{A5D8605F-28CA-4F47-9A76-214DDE2D8EDB}"
	ProjectSection(SolutionItems) = preProject
		.gitattributes = .gitattributes
		.gitignore = .gitignore
		README.md = README.md
	EndProjectSection
EndProject
Project("{FAE04EC0-301F-11D3-BF4B-00C04F79EFBC}") = "Troja.Tray.Core", "Troja.Tray.Core\Troja.Tray.Core.csproj", "{D345B7A8-A41E-4762-870A-EF0DFD4F37FE}"
EndProject
Global
	GlobalSection(SolutionConfigurationPlatforms) = preSolution
		Debug|Any CPU = Debug|Any CPU
		Release|Any CPU = Release|Any CPU
	EndGlobalSection
	GlobalSection(ProjectConfigurationPlatforms) = postSolution
		{79762FD5-C563-4475-B630-37B631A56A8F}.Debug|Any CPU.ActiveCfg = Debug|Any CPU
		{79762FD5-C563-4475-B630-37B631A56A8F}.Debug|Any CPU.Build.0 = Debug|Any CPU
		{79762FD5-C563-4475-B630-37B631A56A8F}.Release|Any CPU.ActiveCfg = Release|Any CPU
		{79762FD5-C563-4475-B630-37B631A56A8F}.Release|Any CPU.Build.0 = Release|Any CPU
		{330B98F7-D142-4229-976D-929FD57F425C}.Debug|Any CPU.ActiveCfg = Debug|Any CPU
		{330B98F7-D142-4229-976D-929FD57F425C}.Debug|Any CPU.Build.0 = Debug|Any CPU
		{330B98F7-D142-4229-976D-929FD57F425C}.Release|Any CPU.ActiveCfg = Release|Any CPU
		{330B98F7-D142-4229-976D-929FD57F425C}.Release|Any CPU.Build.0 = Release|Any CPU
		{D345B7A8-A41E-4762-870A-EF0DFD4F37FE}.Debug|Any CPU.ActiveCfg = Debug|Any CPU
		{D345B7A8-A41E-4762-870A-EF0DFD4F37FE}.Debug|Any CPU.Build.0 = Debug|Any CPU
		{D345B7A8-A41E-4762-870A-EF0DFD4F37FE}.Release|Any CPU.ActiveCfg = Release|Any CPU
		{D345B7A8-A41E-4762-870A-EF0DFD4F37FE}.Release|Any CPU.Build.0 = Release|Any CPU
	EndGlobalSection
	GlobalSection(SolutionProperties) = preSolution
		HideSolutionNode = FALSE
	EndGlobalSection
	GlobalSection(ExtensibilityGlobals) = postSolution
		SolutionGuid = {2B7ED0EA-C36B-4873-9F3B-68F976D8DA2B}
	EndGlobalSection
EndGlobal
